Microsoft Visual Studio Solution File, Format Version 11.00
# Visual Studio 2008

Project("{668F4D44-1250-EE6A-7B61-29677F3AEE7F}") = "AR_Fantasy", "Assembly-CSharp.csproj", "{05361A8E-7F78-8318-FA9A-FD1118FB1F57}"
EndProject
Global
	GlobalSection(SolutionConfigurationPlatforms) = preSolution
		Debug|Any CPU = Debug|Any CPU
		Release|Any CPU = Release|Any CPU
	EndGlobalSection
	GlobalSection(ProjectConfigurationPlatforms) = postSolution
		{05361A8E-7F78-8318-FA9A-FD1118FB1F57}.Debug|Any CPU.ActiveCfg = Debug|Any CPU
		{05361A8E-7F78-8318-FA9A-FD1118FB1F57}.Debug|Any CPU.Build.0 = Debug|Any CPU
		{05361A8E-7F78-8318-FA9A-FD1118FB1F57}.Release|Any CPU.ActiveCfg = Release|Any CPU
		{05361A8E-7F78-8318-FA9A-FD1118FB1F57}.Release|Any CPU.Build.0 = Release|Any CPU
	EndGlobalSection
	GlobalSection(SolutionProperties) = preSolution
		HideSolutionNode = FALSE
	EndGlobalSection
	GlobalSection(MonoDevelopProperties) = preSolution
		StartupItem = Assembly-CSharp.csproj
	EndGlobalSection
EndGlobal
